
Microsoft Visual Studio Solution File, Format Version 12.00
# Visual Studio Version 17
VisualStudioVersion = 17.4.33403.182
MinimumVisualStudioVersion = 10.0.40219.1
Project("{9A19103F-16F7-4668-BE54-9A1E7A4F7556}") = "Overstocked", "Overstocked.csproj", "{521A547D-C939-4808-B6AA-EDCD6B3EB3E3}"
EndProject
Global
	GlobalSection(SolutionConfigurationPlatforms) = preSolution
		Debug|Any CPU = Debug|Any CPU
		Release|Any CPU = Release|Any CPU
	EndGlobalSection
	GlobalSection(ProjectConfigurationPlatforms) = postSolution
		{521A547D-C939-4808-B6AA-EDCD6B3EB3E3}.Debug|Any CPU.ActiveCfg = Debug|Any CPU
		{521A547D-C939-4808-B6AA-EDCD6B3EB3E3}.Debug|Any CPU.Build.0 = Debug|Any CPU
		{521A547D-C939-4808-B6AA-EDCD6B3EB3E3}.Release|Any CPU.ActiveCfg = Release|Any CPU
		{521A547D-C939-4808-B6AA-EDCD6B3EB3E3}.Release|Any CPU.Build.0 = Release|Any CPU
	EndGlobalSection
	GlobalSection(SolutionProperties) = preSolution
		HideSolutionNode = FALSE
	EndGlobalSection
	GlobalSection(ExtensibilityGlobals) = postSolution
		SolutionGuid = {1D617A2C-E74A-4AE7-BA0B-2548491F761C}
	EndGlobalSection
EndGlobal
